
Microsoft Visual Studio Solution File, Format Version 12.00
# Visual Studio Version 17
VisualStudioVersion = 17.0.31912.275
MinimumVisualStudioVersion = 10.0.40219.1
Project("{9A19103F-16F7-4668-BE54-9A1E7A4F7556}") = "RPG_GAME", "src\RPG_GAME\RPG_GAME.csproj", "{36A8D0C0-9BDB-4BF0-9111-9A3E6F904BA5}"
EndProject
Project("{9A19103F-16F7-4668-BE54-9A1E7A4F7556}") = "RPG_GAME.Tests", "tests\RPG_GAME.Tests\RPG_GAME.Tests.csproj", "{434B329E-4108-4D85-A5A3-42626FAAA11D}"
EndProject
Project("{9A19103F-16F7-4668-BE54-9A1E7A4F7556}") = "RPG_GAME.Core", "src\RPG_GAME.Core\RPG_GAME.Core.csproj", "{A5DCE60F-FEF0-4B3E-BF8F-5B1207C4C6E2}"
EndProject
Project("{9A19103F-16F7-4668-BE54-9A1E7A4F7556}") = "RPG_GAME.Service", "src\RPG_GAME.Service\RPG_GAME.Service.csproj", "{D15FE3D7-7940-41E2-9417-EA23CB07FFF9}"
EndProject
Project("{9A19103F-16F7-4668-BE54-9A1E7A4F7556}") = "RPG_Game.Infrastructure", "src\RPG_GAME.Infrastructure\RPG_Game.Infrastructure.csproj", "{F115B652-296A-42ED-8DD1-CD78E0231373}"
EndProject
Project("{9A19103F-16F7-4668-BE54-9A1E7A4F7556}") = "RPG_GAME.IntegrationTests", "tests\RPG_GAME.IntegrationTests\RPG_GAME.IntegrationTests.csproj", "{182A5A25-E439-4800-A2D5-27E3CB084263}"
EndProject
Project("{2150E333-8FDC-42A3-9474-1A3956D46DE8}") = "src", "src", "{443D6464-912C-4BAE-93BE-F6BB1766A4A8}"
EndProject
Project("{2150E333-8FDC-42A3-9474-1A3956D46DE8}") = "tests", "tests", "{478C97B3-4ECF-4BE3-BC0B-A7BAB95409D9}"
EndProject
Project("{9A19103F-16F7-4668-BE54-9A1E7A4F7556}") = "RPG_GAME.Application", "src\RPG_GAME.Application\RPG_GAME.Application.csproj", "{A1252C18-F082-488B-A48D-22316BD3B4BC}"
EndProject
Project("{FAE04EC0-301F-11D3-BF4B-00C04F79EFBC}") = "RPG_GAME.Api", "src\RPG_GAME.Api\RPG_GAME.Api.csproj", "{693C05C1-209B-464B-985A-6C8459AF4D3A}"
EndProject
Global
	GlobalSection(SolutionConfigurationPlatforms) = preSolution
		Debug|Any CPU = Debug|Any CPU
		Release|Any CPU = Release|Any CPU
	EndGlobalSection
	GlobalSection(ProjectConfigurationPlatforms) = postSolution
		{36A8D0C0-9BDB-4BF0-9111-9A3E6F904BA5}.Debug|Any CPU.ActiveCfg = Debug|Any CPU
		{36A8D0C0-9BDB-4BF0-9111-9A3E6F904BA5}.Debug|Any CPU.Build.0 = Debug|Any CPU
		{36A8D0C0-9BDB-4BF0-9111-9A3E6F904BA5}.Release|Any CPU.ActiveCfg = Release|Any CPU
		{36A8D0C0-9BDB-4BF0-9111-9A3E6F904BA5}.Release|Any CPU.Build.0 = Release|Any CPU
		{434B329E-4108-4D85-A5A3-42626FAAA11D}.Debug|Any CPU.ActiveCfg = Debug|Any CPU
		{434B329E-4108-4D85-A5A3-42626FAAA11D}.Debug|Any CPU.Build.0 = Debug|Any CPU
		{434B329E-4108-4D85-A5A3-42626FAAA11D}.Release|Any CPU.ActiveCfg = Release|Any CPU
		{434B329E-4108-4D85-A5A3-42626FAAA11D}.Release|Any CPU.Build.0 = Release|Any CPU
		{A5DCE60F-FEF0-4B3E-BF8F-5B1207C4C6E2}.Debug|Any CPU.ActiveCfg = Debug|Any CPU
		{A5DCE60F-FEF0-4B3E-BF8F-5B1207C4C6E2}.Debug|Any CPU.Build.0 = Debug|Any CPU
		{A5DCE60F-FEF0-4B3E-BF8F-5B1207C4C6E2}.Release|Any CPU.ActiveCfg = Release|Any CPU
		{A5DCE60F-FEF0-4B3E-BF8F-5B1207C4C6E2}.Release|Any CPU.Build.0 = Release|Any CPU
		{D15FE3D7-7940-41E2-9417-EA23CB07FFF9}.Debug|Any CPU.ActiveCfg = Debug|Any CPU
		{D15FE3D7-7940-41E2-9417-EA23CB07FFF9}.Debug|Any CPU.Build.0 = Debug|Any CPU
		{D15FE3D7-7940-41E2-9417-EA23CB07FFF9}.Release|Any CPU.ActiveCfg = Release|Any CPU
		{D15FE3D7-7940-41E2-9417-EA23CB07FFF9}.Release|Any CPU.Build.0 = Release|Any CPU
		{F115B652-296A-42ED-8DD1-CD78E0231373}.Debug|Any CPU.ActiveCfg = Debug|Any CPU
		{F115B652-296A-42ED-8DD1-CD78E0231373}.Debug|Any CPU.Build.0 = Debug|Any CPU
		{F115B652-296A-42ED-8DD1-CD78E0231373}.Release|Any CPU.ActiveCfg = Release|Any CPU
		{F115B652-296A-42ED-8DD1-CD78E0231373}.Release|Any CPU.Build.0 = Release|Any CPU
		{182A5A25-E439-4800-A2D5-27E3CB084263}.Debug|Any CPU.ActiveCfg = Debug|Any CPU
		{182A5A25-E439-4800-A2D5-27E3CB084263}.Debug|Any CPU.Build.0 = Debug|Any CPU
		{182A5A25-E439-4800-A2D5-27E3CB084263}.Release|Any CPU.ActiveCfg = Release|Any CPU
		{182A5A25-E439-4800-A2D5-27E3CB084263}.Release|Any CPU.Build.0 = Release|Any CPU
		{A1252C18-F082-488B-A48D-22316BD3B4BC}.Debug|Any CPU.ActiveCfg = Debug|Any CPU
		{A1252C18-F082-488B-A48D-22316BD3B4BC}.Debug|Any CPU.Build.0 = Debug|Any CPU
		{A1252C18-F082-488B-A48D-22316BD3B4BC}.Release|Any CPU.ActiveCfg = Release|Any CPU
		{A1252C18-F082-488B-A48D-22316BD3B4BC}.Release|Any CPU.Build.0 = Release|Any CPU
		{693C05C1-209B-464B-985A-6C8459AF4D3A}.Debug|Any CPU.ActiveCfg = Debug|Any CPU
		{693C05C1-209B-464B-985A-6C8459AF4D3A}.Debug|Any CPU.Build.0 = Debug|Any CPU
		{693C05C1-209B-464B-985A-6C8459AF4D3A}.Release|Any CPU.ActiveCfg = Release|Any CPU
		{693C05C1-209B-464B-985A-6C8459AF4D3A}.Release|Any CPU.Build.0 = Release|Any CPU
	EndGlobalSection
	GlobalSection(SolutionProperties) = preSolution
		HideSolutionNode = FALSE
	EndGlobalSection
	GlobalSection(NestedProjects) = preSolution
		{36A8D0C0-9BDB-4BF0-9111-9A3E6F904BA5} = {443D6464-912C-4BAE-93BE-F6BB1766A4A8}
		{434B329E-4108-4D85-A5A3-42626FAAA11D} = {478C97B3-4ECF-4BE3-BC0B-A7BAB95409D9}
		{A5DCE60F-FEF0-4B3E-BF8F-5B1207C4C6E2} = {443D6464-912C-4BAE-93BE-F6BB1766A4A8}
		{D15FE3D7-7940-41E2-9417-EA23CB07FFF9} = {443D6464-912C-4BAE-93BE-F6BB1766A4A8}
		{F115B652-296A-42ED-8DD1-CD78E0231373} = {443D6464-912C-4BAE-93BE-F6BB1766A4A8}
		{182A5A25-E439-4800-A2D5-27E3CB084263} = {478C97B3-4ECF-4BE3-BC0B-A7BAB95409D9}
		{A1252C18-F082-488B-A48D-22316BD3B4BC} = {443D6464-912C-4BAE-93BE-F6BB1766A4A8}
		{693C05C1-209B-464B-985A-6C8459AF4D3A} = {443D6464-912C-4BAE-93BE-F6BB1766A4A8}
	EndGlobalSection
	GlobalSection(ExtensibilityGlobals) = postSolution
		SolutionGuid = {E2C14628-0C47-426B-ABC0-068413C45767}
	EndGlobalSection
EndGlobal
