
Microsoft Visual Studio Solution File, Format Version 12.00
# Visual Studio Version 16
VisualStudioVersion = 16.0.30204.135
MinimumVisualStudioVersion = 10.0.40219.1
Project("{9A19103F-16F7-4668-BE54-9A1E7A4F7556}") = "RPG_GAME", "RPG_GAME\RPG_GAME.csproj", "{36A8D0C0-9BDB-4BF0-9111-9A3E6F904BA5}"
EndProject
Project("{FAE04EC0-301F-11D3-BF4B-00C04F79EFBC}") = "RPG_GAME.Service", "RPG_GAME.Core\RPG_GAME.Service.csproj", "{6E064A79-FB4E-4F37-B763-65D80482AAB8}"
EndProject
Project("{FAE04EC0-301F-11D3-BF4B-00C04F79EFBC}") = "RPG_GAME.Core", "RPG_GAME.Service\RPG_GAME.Core.csproj", "{9CB6D00C-312C-4BBA-A37D-D6C36067188E}"
EndProject
Global
	GlobalSection(SolutionConfigurationPlatforms) = preSolution
		Debug|Any CPU = Debug|Any CPU
		Release|Any CPU = Release|Any CPU
	EndGlobalSection
	GlobalSection(ProjectConfigurationPlatforms) = postSolution
		{36A8D0C0-9BDB-4BF0-9111-9A3E6F904BA5}.Debug|Any CPU.ActiveCfg = Debug|Any CPU
		{36A8D0C0-9BDB-4BF0-9111-9A3E6F904BA5}.Debug|Any CPU.Build.0 = Debug|Any CPU
		{36A8D0C0-9BDB-4BF0-9111-9A3E6F904BA5}.Release|Any CPU.ActiveCfg = Release|Any CPU
		{36A8D0C0-9BDB-4BF0-9111-9A3E6F904BA5}.Release|Any CPU.Build.0 = Release|Any CPU
		{6E064A79-FB4E-4F37-B763-65D80482AAB8}.Debug|Any CPU.ActiveCfg = Debug|Any CPU
		{6E064A79-FB4E-4F37-B763-65D80482AAB8}.Debug|Any CPU.Build.0 = Debug|Any CPU
		{6E064A79-FB4E-4F37-B763-65D80482AAB8}.Release|Any CPU.ActiveCfg = Release|Any CPU
		{6E064A79-FB4E-4F37-B763-65D80482AAB8}.Release|Any CPU.Build.0 = Release|Any CPU
		{9CB6D00C-312C-4BBA-A37D-D6C36067188E}.Debug|Any CPU.ActiveCfg = Debug|Any CPU
		{9CB6D00C-312C-4BBA-A37D-D6C36067188E}.Debug|Any CPU.Build.0 = Debug|Any CPU
		{9CB6D00C-312C-4BBA-A37D-D6C36067188E}.Release|Any CPU.ActiveCfg = Release|Any CPU
		{9CB6D00C-312C-4BBA-A37D-D6C36067188E}.Release|Any CPU.Build.0 = Release|Any CPU
	EndGlobalSection
	GlobalSection(SolutionProperties) = preSolution
		HideSolutionNode = FALSE
	EndGlobalSection
	GlobalSection(ExtensibilityGlobals) = postSolution
		SolutionGuid = {E2C14628-0C47-426B-ABC0-068413C45767}
	EndGlobalSection
EndGlobal
